
Microsoft Visual Studio Solution File, Format Version 12.00
# Visual Studio 15
VisualStudioVersion = 15.0.26730.8
MinimumVisualStudioVersion = 10.0.40219.1
Project("{9A19103F-16F7-4668-BE54-9A1E7A4F7556}") = "Lykke.Job.BlockchainTransactionsHistoryDetector", "src\Lykke.Job.BlockchainTransactionsHistoryDetector\Lykke.Job.BlockchainTransactionsHistoryDetector.csproj", "{5566FD3E-0DB6-4BF3-A98D-4A1181B3E02C}"
EndProject
Project("{9A19103F-16F7-4668-BE54-9A1E7A4F7556}") = "Lykke.Job.BlockchainTransactionsHistoryDetector.Core", "src\Lykke.Job.BlockchainTransactionsHistoryDetector.Core\Lykke.Job.BlockchainTransactionsHistoryDetector.Core.csproj", "{0415D4B4-5275-4B5C-AFD5-644572CD91CD}"
EndProject
Project("{9A19103F-16F7-4668-BE54-9A1E7A4F7556}") = "Lykke.Job.BlockchainTransactionsHistoryDetector.Services", "src\Lykke.Job.BlockchainTransactionsHistoryDetector.Services\Lykke.Job.BlockchainTransactionsHistoryDetector.Services.csproj", "{D42134F9-A73E-4890-966D-746FE732934E}"
EndProject
Project("{9A19103F-16F7-4668-BE54-9A1E7A4F7556}") = "Lykke.Job.BlockchainTransactionsHistoryDetector.AzureRepositories", "src\Lykke.Job.BlockchainTransactionsHistoryDetector.AzureRepositories\Lykke.Job.BlockchainTransactionsHistoryDetector.AzureRepositories.csproj", "{1322B569-1032-4276-B86E-69F8BE3DC1F7}"
EndProject
Project("{9A19103F-16F7-4668-BE54-9A1E7A4F7556}") = "Lykke.Job.BlockchainTransactionsHistoryDetector.Tests", "tests\Lykke.Job.BlockchainTransactionsHistoryDetector.Tests\Lykke.Job.BlockchainTransactionsHistoryDetector.Tests.csproj", "{AAC9F450-14D7-4482-BC12-7C55006864E2}"
EndProject
Project("{2150E333-8FDC-42A3-9474-1A3956D46DE8}") = "src", "src", "{B1ACF878-E56C-4397-8399-972BB0420BAE}"
EndProject
Project("{2150E333-8FDC-42A3-9474-1A3956D46DE8}") = "tests", "tests", "{21CE389A-CE75-4F96-A1CE-8B71C78A53FD}"
EndProject
Project("{9A19103F-16F7-4668-BE54-9A1E7A4F7556}") = "Lykke.Job.BlockchainTransactionsHistoryDetector.Contract", "src\Lykke.Job.BlockchainTransactionsHistoryDetector.Contract\Lykke.Job.BlockchainTransactionsHistoryDetector.Contract.csproj", "{DEEF777B-3D0F-44AC-A5E3-9441AD3D474E}"
EndProject
Project("{2150E333-8FDC-42A3-9474-1A3956D46DE8}") = "tools", "tools", "{7C1AE628-B845-4F07-B71C-4A22748BFA4E}"
EndProject
Project("{FAE04EC0-301F-11D3-BF4B-00C04F79EFBC}") = "Lykke.Job.BlockchainTransactionsHistoryDetector.WalletsImporter", "tools\Lykke.Job.BlockchainTransactionsHistoryDetector.WalletsImporter\Lykke.Job.BlockchainTransactionsHistoryDetector.WalletsImporter.csproj", "{73A0EA37-7543-4EE8-A95B-DCBDE7940C62}"
EndProject
Global
	GlobalSection(SolutionConfigurationPlatforms) = preSolution
		Debug|Any CPU = Debug|Any CPU
		Release|Any CPU = Release|Any CPU
	EndGlobalSection
	GlobalSection(ProjectConfigurationPlatforms) = postSolution
		{5566FD3E-0DB6-4BF3-A98D-4A1181B3E02C}.Debug|Any CPU.ActiveCfg = Debug|Any CPU
		{5566FD3E-0DB6-4BF3-A98D-4A1181B3E02C}.Debug|Any CPU.Build.0 = Debug|Any CPU
		{5566FD3E-0DB6-4BF3-A98D-4A1181B3E02C}.Release|Any CPU.ActiveCfg = Release|Any CPU
		{5566FD3E-0DB6-4BF3-A98D-4A1181B3E02C}.Release|Any CPU.Build.0 = Release|Any CPU
		{0415D4B4-5275-4B5C-AFD5-644572CD91CD}.Debug|Any CPU.ActiveCfg = Debug|Any CPU
		{0415D4B4-5275-4B5C-AFD5-644572CD91CD}.Debug|Any CPU.Build.0 = Debug|Any CPU
		{0415D4B4-5275-4B5C-AFD5-644572CD91CD}.Release|Any CPU.ActiveCfg = Release|Any CPU
		{0415D4B4-5275-4B5C-AFD5-644572CD91CD}.Release|Any CPU.Build.0 = Release|Any CPU
		{D42134F9-A73E-4890-966D-746FE732934E}.Debug|Any CPU.ActiveCfg = Debug|Any CPU
		{D42134F9-A73E-4890-966D-746FE732934E}.Debug|Any CPU.Build.0 = Debug|Any CPU
		{D42134F9-A73E-4890-966D-746FE732934E}.Release|Any CPU.ActiveCfg = Release|Any CPU
		{D42134F9-A73E-4890-966D-746FE732934E}.Release|Any CPU.Build.0 = Release|Any CPU
		{1322B569-1032-4276-B86E-69F8BE3DC1F7}.Debug|Any CPU.ActiveCfg = Debug|Any CPU
		{1322B569-1032-4276-B86E-69F8BE3DC1F7}.Debug|Any CPU.Build.0 = Debug|Any CPU
		{1322B569-1032-4276-B86E-69F8BE3DC1F7}.Release|Any CPU.ActiveCfg = Release|Any CPU
		{1322B569-1032-4276-B86E-69F8BE3DC1F7}.Release|Any CPU.Build.0 = Release|Any CPU
		{AAC9F450-14D7-4482-BC12-7C55006864E2}.Debug|Any CPU.ActiveCfg = Debug|Any CPU
		{AAC9F450-14D7-4482-BC12-7C55006864E2}.Debug|Any CPU.Build.0 = Debug|Any CPU
		{AAC9F450-14D7-4482-BC12-7C55006864E2}.Release|Any CPU.ActiveCfg = Release|Any CPU
		{AAC9F450-14D7-4482-BC12-7C55006864E2}.Release|Any CPU.Build.0 = Release|Any CPU
		{DEEF777B-3D0F-44AC-A5E3-9441AD3D474E}.Debug|Any CPU.ActiveCfg = Debug|Any CPU
		{DEEF777B-3D0F-44AC-A5E3-9441AD3D474E}.Debug|Any CPU.Build.0 = Debug|Any CPU
		{DEEF777B-3D0F-44AC-A5E3-9441AD3D474E}.Release|Any CPU.ActiveCfg = Release|Any CPU
		{DEEF777B-3D0F-44AC-A5E3-9441AD3D474E}.Release|Any CPU.Build.0 = Release|Any CPU
		{73A0EA37-7543-4EE8-A95B-DCBDE7940C62}.Debug|Any CPU.ActiveCfg = Debug|Any CPU
		{73A0EA37-7543-4EE8-A95B-DCBDE7940C62}.Debug|Any CPU.Build.0 = Debug|Any CPU
		{73A0EA37-7543-4EE8-A95B-DCBDE7940C62}.Release|Any CPU.ActiveCfg = Release|Any CPU
		{73A0EA37-7543-4EE8-A95B-DCBDE7940C62}.Release|Any CPU.Build.0 = Release|Any CPU
	EndGlobalSection
	GlobalSection(SolutionProperties) = preSolution
		HideSolutionNode = FALSE
	EndGlobalSection
	GlobalSection(NestedProjects) = preSolution
		{5566FD3E-0DB6-4BF3-A98D-4A1181B3E02C} = {B1ACF878-E56C-4397-8399-972BB0420BAE}
		{0415D4B4-5275-4B5C-AFD5-644572CD91CD} = {B1ACF878-E56C-4397-8399-972BB0420BAE}
		{D42134F9-A73E-4890-966D-746FE732934E} = {B1ACF878-E56C-4397-8399-972BB0420BAE}
		{1322B569-1032-4276-B86E-69F8BE3DC1F7} = {B1ACF878-E56C-4397-8399-972BB0420BAE}
		{AAC9F450-14D7-4482-BC12-7C55006864E2} = {21CE389A-CE75-4F96-A1CE-8B71C78A53FD}
		{DEEF777B-3D0F-44AC-A5E3-9441AD3D474E} = {B1ACF878-E56C-4397-8399-972BB0420BAE}
		{73A0EA37-7543-4EE8-A95B-DCBDE7940C62} = {7C1AE628-B845-4F07-B71C-4A22748BFA4E}
	EndGlobalSection
	GlobalSection(ExtensibilityGlobals) = postSolution
		SolutionGuid = {D2419990-C093-4EE2-AFE9-80857ECBB147}
	EndGlobalSection
EndGlobal
